
Microsoft Visual Studio Solution File, Format Version 12.00
# Visual Studio Version 16
VisualStudioVersion = 16.0.29306.81
MinimumVisualStudioVersion = 10.0.40219.1
Project("{FAE04EC0-301F-11D3-BF4B-00C04F79EFBC}") = "EngineeringCorpsCS", "EngineeringCorpsCS.csproj", "{7E57B0D1-719E-4C0A-BBAF-0C09C1387060}"
EndProject
Global
	GlobalSection(SolutionConfigurationPlatforms) = preSolution
		Debug|Any CPU = Debug|Any CPU
		Debug|x64 = Debug|x64
		Release|Any CPU = Release|Any CPU
		Release|x64 = Release|x64
	EndGlobalSection
	GlobalSection(ProjectConfigurationPlatforms) = postSolution
		{7E57B0D1-719E-4C0A-BBAF-0C09C1387060}.Debug|Any CPU.ActiveCfg = Debug|Any CPU
		{7E57B0D1-719E-4C0A-BBAF-0C09C1387060}.Debug|Any CPU.Build.0 = Debug|Any CPU
		{7E57B0D1-719E-4C0A-BBAF-0C09C1387060}.Debug|x64.ActiveCfg = Debug|x64
		{7E57B0D1-719E-4C0A-BBAF-0C09C1387060}.Debug|x64.Build.0 = Debug|x64
		{7E57B0D1-719E-4C0A-BBAF-0C09C1387060}.Release|Any CPU.ActiveCfg = Release|Any CPU
		{7E57B0D1-719E-4C0A-BBAF-0C09C1387060}.Release|Any CPU.Build.0 = Release|Any CPU
		{7E57B0D1-719E-4C0A-BBAF-0C09C1387060}.Release|x64.ActiveCfg = Release|x64
		{7E57B0D1-719E-4C0A-BBAF-0C09C1387060}.Release|x64.Build.0 = Release|x64
	EndGlobalSection
	GlobalSection(SolutionProperties) = preSolution
		HideSolutionNode = FALSE
	EndGlobalSection
	GlobalSection(ExtensibilityGlobals) = postSolution
		SolutionGuid = {1C24DA1C-1223-4A08-A133-4A5F8251C84F}
	EndGlobalSection
EndGlobal
